
Microsoft Visual Studio Solution File, Format Version 12.00
# Visual Studio 15
VisualStudioVersion = 15.0.27428.2037
MinimumVisualStudioVersion = 10.0.40219.1
Project("{FAE04EC0-301F-11D3-BF4B-00C04F79EFBC}") = "HelloMVC", "HelloMVC\HelloMVC.csproj", "{7419F383-5A94-4C51-BB4E-7DF8D3B0ABCC}"
EndProject
Global
	GlobalSection(SolutionConfigurationPlatforms) = preSolution
		Debug|Any CPU = Debug|Any CPU
		Release|Any CPU = Release|Any CPU
	EndGlobalSection
	GlobalSection(ProjectConfigurationPlatforms) = postSolution
		{7419F383-5A94-4C51-BB4E-7DF8D3B0ABCC}.Debug|Any CPU.ActiveCfg = Debug|Any CPU
		{7419F383-5A94-4C51-BB4E-7DF8D3B0ABCC}.Debug|Any CPU.Build.0 = Debug|Any CPU
		{7419F383-5A94-4C51-BB4E-7DF8D3B0ABCC}.Release|Any CPU.ActiveCfg = Release|Any CPU
		{7419F383-5A94-4C51-BB4E-7DF8D3B0ABCC}.Release|Any CPU.Build.0 = Release|Any CPU
	EndGlobalSection
	GlobalSection(SolutionProperties) = preSolution
		HideSolutionNode = FALSE
	EndGlobalSection
	GlobalSection(ExtensibilityGlobals) = postSolution
		SolutionGuid = {86D15F2D-D311-484D-BCBD-45BC13C0E377}
	EndGlobalSection
EndGlobal
